
Microsoft Visual Studio Solution File, Format Version 12.00
# Visual Studio Version 16
VisualStudioVersion = 16.0.30804.86
MinimumVisualStudioVersion = 10.0.40219.1
Project("{FAE04EC0-301F-11D3-BF4B-00C04F79EFBC}") = "MyAadFunction", "MyAadFunction.csproj", "{ADDD3DB1-5866-46E4-8692-706B1321BD94}"
EndProject
Global
	GlobalSection(SolutionConfigurationPlatforms) = preSolution
		Debug|Any CPU = Debug|Any CPU
		Release|Any CPU = Release|Any CPU
	EndGlobalSection
	GlobalSection(ProjectConfigurationPlatforms) = postSolution
		{ADDD3DB1-5866-46E4-8692-706B1321BD94}.Debug|Any CPU.ActiveCfg = Debug|Any CPU
		{ADDD3DB1-5866-46E4-8692-706B1321BD94}.Debug|Any CPU.Build.0 = Debug|Any CPU
		{ADDD3DB1-5866-46E4-8692-706B1321BD94}.Release|Any CPU.ActiveCfg = Release|Any CPU
		{ADDD3DB1-5866-46E4-8692-706B1321BD94}.Release|Any CPU.Build.0 = Release|Any CPU
	EndGlobalSection
	GlobalSection(SolutionProperties) = preSolution
		HideSolutionNode = FALSE
	EndGlobalSection
	GlobalSection(ExtensibilityGlobals) = postSolution
		SolutionGuid = {A5CF25DB-A5B0-4E26-9712-C382A71FFABF}
	EndGlobalSection
EndGlobal
